[[package]]
name = "et-xmlfile"
version = "1.0.1"
description = "An implementation of lxml.xmlfile for the standard library"
category = "main"
optional = false
python-versions = "*"

[[package]]
name = "jdcal"
version = "1.4.1"
description = "Julian dates from proleptic Gregorian and Julian calendars."
category = "main"
optional = false
python-versions = "*"

[[package]]
name = "jq"
version = "1.1.1"
description = "jq is a lightweight and flexible JSON processor."
category = "dev"
optional = false
python-versions = ">=2.7, !=3.0.*, !=3.1.*, !=3.2.*, !=3.3.*"

[[package]]
name = "openpyxl"
version = "3.0.5"
description = "A Python library to read/write Excel 2010 xlsx/xlsm files"
category = "main"
optional = false
python-versions = ">=3.6,"

[package.dependencies]
et-xmlfile = "*"
jdcal = "*"

[[package]]
name = "pyyaml"
version = "5.3.1"
description = "YAML parser and emitter for Python"
category = "dev"
optional = false
python-versions = "*"

[[package]]
name = "toml"
version = "0.10.2"
description = "Python Library for Tom's Obvious, Minimal Language"
category = "main"
optional = false
python-versions = ">=2.6, !=3.0.*, !=3.1.*, !=3.2.*"

[[package]]
name = "xmltodict"
version = "0.12.0"
description = "Makes working with XML feel like you are working with JSON"
category = "main"
optional = false
python-versions = ">=2.7, !=3.0.*, !=3.1.*, !=3.2.*, !=3.3.*"

[metadata]
lock-version = "1.1"
python-versions = "^3.6.1"
content-hash = "5ae5c8ccba9662e7a3e953a89c4176df846e68307380a3e1253f193ecf7a0509"

[metadata.files]
et-xmlfile = [
    {file = "et_xmlfile-1.0.1.tar.gz", hash = "sha256:614d9722d572f6246302c4491846d2c393c199cfa4edc9af593437691683335b"},
]
jdcal = [
    {file = "jdcal-1.4.1-py2.py3-none-any.whl", hash = "sha256:1abf1305fce18b4e8aa248cf8fe0c56ce2032392bc64bbd61b5dff2a19ec8bba"},
    {file = "jdcal-1.4.1.tar.gz", hash = "sha256:472872e096eb8df219c23f2689fc336668bdb43d194094b5cc1707e1640acfc8"},
]
jq = [
    {file = "jq-1.1.1-cp27-cp27m-macosx_10_9_x86_64.whl", hash = "sha256:b8b4acd98d9662442ac04432487ab10a9b8a221b719824eab55ec6ba9b954ba7"},
    {file = "jq-1.1.1-cp27-cp27m-manylinux1_i686.whl", hash = "sha256:609546fb0a3e41c842bd885dcf179f174f3d5f7d5a9533ef0e5fa5ce9c1d834a"},
    {file = "jq-1.1.1-cp27-cp27m-manylinux1_x86_64.whl", hash = "sha256:bda224bcc38fd847d176b56e3d532ed68103e420877dea6baf8876a8ce9f0176"},
    {file = "jq-1.1.1-cp27-cp27m-manylinux2010_i686.whl", hash = "sha256:c9d6aadf6846976ccc513cf82f90ecd45406e72eef65daa147c400ba034e756c"},
    {file = "jq-1.1.1-cp27-cp27m-manylinux2010_x86_64.whl", hash = "sha256:ea5d9c6fe8d99a68a0cd721fa2cf1fc4b1919d539d8dea6f3dafc9581476267a"},
    {file = "jq-1.1.1-cp27-cp27mu-manylinux1_i686.whl", hash = "sha256:82be30fcce5b6f1e39cd07aece4e30f0065b73cae9269ebcc7360021b8285f82"},
    {file = "jq-1.1.1-cp27-cp27mu-manylinux1_x86_64.whl", hash = "sha256:6f4cbceb8a440a64b2edaeb7faa92ed09c735df833eb9a41d2965344cc77f6bf"},
    {file = "jq-1.1.1-cp27-cp27mu-manylinux2010_i686.whl", hash = "sha256:6bee0168a78d7818e8a7e985cf12ddc221615dc90b20c2f2e1b2b20a16679cf3"},
    {file = "jq-1.1.1-cp27-cp27mu-manylinux2010_x86_64.whl", hash = "sha256:f64254c681ad9a02207c71cb1e049e807256c0ddc68d8936d1851545e921bae3"},
    {file = "jq-1.1.1-cp35-cp35m-macosx_10_9_x86_64.whl", hash = "sha256:2567488d228ffd5a43f305b7ebf894ed593d035f2be8cdf8a714a1c894f87954"},
    {file = "jq-1.1.1-cp35-cp35m-manylinux1_i686.whl", hash = "sha256:37ebb78a9a2b3dc35d1a28ca1170071dda5ea226beee345a4d3fe5632820f6bc"},
    {file = "jq-1.1.1-cp35-cp35m-manylinux1_x86_64.whl", hash = "sha256:47e9c86d1ae8f93e73f25176be0b5393bf1148707490705e416aa5adc8450359"},
    {file = "jq-1.1.1-cp35-cp35m-manylinux2010_i686.whl", hash = "sha256:183cd4d9305a1109af526507dc351641267306006a1952049852fe64edf45b36"},
    {file = "jq-1.1.1-cp35-cp35m-manylinux2010_x86_64.whl", hash = "sha256:c05bab8b46ff2b11837e53a5715ed2c10b441bafd4f2df97c0acfcfdfaec71e8"},
    {file = "jq-1.1.1-cp36-cp36m-macosx_10_9_x86_64.whl", hash = "sha256:317ee129216687d425d3c6349162a9b7b8cd0745850e9d200031493c5c43a120"},
    {file = "jq-1.1.1-cp36-cp36m-manylinux1_i686.whl", hash = "sha256:2594d21d1fe58179b944e9817fdbe6db9f3b90aea93937db9c85ef713ee2bab0"},
    {file = "jq-1.1.1-cp36-cp36m-manylinux1_x86_64.whl", hash = "sha256:dee998d1a90cad9eac563007807dc5521beacc6413636180058df375f3eee69a"},
    {file = "jq-1.1.1-cp36-cp36m-manylinux2010_i686.whl", hash = "sha256:445f43fb131191f24fd1453a82af6bdd095b74735cea42e6c531374a09965f14"},
    {file = "jq-1.1.1-cp36-cp36m-manylinux2010_x86_64.whl", hash = "sha256:b1ef2b68f3dd427e2fd5790828ef33036c2b9510678857c14e2725748ac58df8"},
    {file = "jq-1.1.1-cp37-cp37m-macosx_10_9_x86_64.whl", hash = "sha256:43952815c9a4908f4dd1cb481eb435087651e3899822d1d985815850f4ec1e9d"},
    {file = "jq-1.1.1-cp37-cp37m-manylinux1_i686.whl", hash = "sha256:8e4f3968d2b54d3273fb77a26a646a41e33f64255fce626fc4e01ca27b9b5787"},
    {file = "jq-1.1.1-cp37-cp37m-manylinux1_x86_64.whl", hash = "sha256:91fc2474a6106fcb7fe6bd99932bfaf5d47553f51c4daec451fb6242d56b853d"},
    {file = "jq-1.1.1-cp37-cp37m-manylinux2010_i686.whl", hash = "sha256:fbb73dae7181dd4ad903802d0e89c27337319b2de308aca587d5f5fc48723c31"},
    {file = "jq-1.1.1-cp37-cp37m-manylinux2010_x86_64.whl", hash = "sha256:f2d7cc5c67ef9133900db05e6c1fdc6fd049583ac9a185b7a473853f2fae391d"},
    {file = "jq-1.1.1-cp38-cp38-macosx_10_9_x86_64.whl", hash = "sha256:8b25cc48056bd22b03cc70e61fee768e56a6f594ea34491ddf57f241a6dccf47"},
    {file = "jq-1.1.1-cp38-cp38-manylinux1_i686.whl", hash = "sha256:ec0d234d5e10b2fcdc568ca26c70722c987f24432c9942bbcaf5b7a53055f7ea"},
    {file = "jq-1.1.1-cp38-cp38-manylinux1_x86_64.whl", hash = "sha256:408ec82925baa3642ab4fd31e5bba900a68a59c0d622ca10f354e891f2d09e72"},
    {file = "jq-1.1.1-cp38-cp38-manylinux2010_i686.whl", hash = "sha256:38412156099064267484534279143ec126e9828ece39bed05977226b179ef2c8"},
    {file = "jq-1.1.1-cp38-cp38-manylinux2010_x86_64.whl", hash = "sha256:01718ece24d96c099a8a1264a6f76eee6c59e0a2daf56283513b4d6f29cbd4b6"},
    {file = "jq-1.1.1-cp39-cp39-macosx_10_9_x86_64.whl", hash = "sha256:cc469fe3f63f57c786959a9d6536b44c2ba9062c88e4862e88472bc846f69619"},
    {file = "jq-1.1.1-cp39-cp39-manylinux1_i686.whl", hash = "sha256:f390cff4a76f4fde92aadbb204773b122700a52a597eaf675d5b1caa03d63fb7"},
    {file = "jq-1.1.1-cp39-cp39-manylinux1_x86_64.whl", hash = "sha256:ca0774a71117f9222496036aff4bfd1b5dd7c8a3aec715798fb1f9ebb378779f"},
    {file = "jq-1.1.1-cp39-cp39-manylinux2010_i686.whl", hash = "sha256:c54988f068c4c83443ef5c1a05e79dd874c1c35798158713d5eff7257c3f0351"},
    {file = "jq-1.1.1-cp39-cp39-manylinux2010_x86_64.whl", hash = "sha256:0cebafce5deb2acfe2ad2f01525e82f1e8985bd075f473437f2962a2e4b72549"},
    {file = "jq-1.1.1-pp27-pypy_73-macosx_10_9_x86_64.whl", hash = "sha256:96fb533b1827bf7e9d4def7ea23767a91d6c78247e5baca2d3f46ba237aa6088"},
    {file = "jq-1.1.1-pp27-pypy_73-manylinux1_x86_64.whl", hash = "sha256:37450f189bc548237ce37e605a21646277b229699f09d683b3df145dfe5ff79c"},
    {file = "jq-1.1.1-pp27-pypy_73-manylinux2010_x86_64.whl", hash = "sha256:560721562f8fe2300c5cd078c334768abd49767409bde8402b0a42abe0367b9e"},
    {file = "jq-1.1.1-pp36-pypy36_pp73-macosx_10_7_x86_64.whl", hash = "sha256:957964539500d0b6b634bcaeb8bbd57e6fc8692d30936825fc60f2e289b97015"},
    {file = "jq-1.1.1-pp36-pypy36_pp73-manylinux1_x86_64.whl", hash = "sha256:549f5abeefbebd2be17b7e2c47efef63a13944f5bbf22202ed968ac7226ebdf5"},
    {file = "jq-1.1.1-pp36-pypy36_pp73-manylinux2010_x86_64.whl", hash = "sha256:3ead0353a9e95ceebce8fc4a5709e0b5bbfc69df8b3e9166fa35a80dbd4dcf4c"},
    {file = "jq-1.1.1-pp37-pypy37_pp73-macosx_10_7_x86_64.whl", hash = "sha256:094a76206383c8df4568be04e25132e6d80f41eac473cda1eb4592b52233949b"},
    {file = "jq-1.1.1-pp37-pypy37_pp73-manylinux1_x86_64.whl", hash = "sha256:167fca746c908e4ee05793f66458080b5dc2c5fa6dad032640ea73ab9602290e"},
    {file = "jq-1.1.1-pp37-pypy37_pp73-manylinux2010_x86_64.whl", hash = "sha256:26d3ee96746f47bcc3ec639a1c5a77fdc709818fa75075558553bc8f77bb6a6a"},
    {file = "jq-1.1.1.tar.gz", hash = "sha256:62d649c4f6f26ed91810c8db075f5fe05319c3dc99dbebcd2d31b0b697a4592e"},
]
openpyxl = [
    {file = "openpyxl-3.0.5-py2.py3-none-any.whl", hash = "sha256:f7d666b569f729257082cf7ddc56262431878f602dcc2bc3980775c59439cdab"},
    {file = "openpyxl-3.0.5.tar.gz", hash = "sha256:18e11f9a650128a12580a58e3daba14e00a11d9e907c554a17ea016bf1a2c71b"},
]
pyyaml = [
    {file = "PyYAML-5.3.1-cp27-cp27m-win32.whl", hash = "sha256:74809a57b329d6cc0fdccee6318f44b9b8649961fa73144a98735b0aaf029f1f"},
    {file = "PyYAML-5.3.1-cp27-cp27m-win_amd64.whl", hash = "sha256:240097ff019d7c70a4922b6869d8a86407758333f02203e0fc6ff79c5dcede76"},
    {file = "PyYAML-5.3.1-cp35-cp35m-win32.whl", hash = "sha256:4f4b913ca1a7319b33cfb1369e91e50354d6f07a135f3b901aca02aa95940bd2"},
    {file = "PyYAML-5.3.1-cp35-cp35m-win_amd64.whl", hash = "sha256:cc8955cfbfc7a115fa81d85284ee61147059a753344bc51098f3ccd69b0d7e0c"},
    {file = "PyYAML-5.3.1-cp36-cp36m-win32.whl", hash = "sha256:7739fc0fa8205b3ee8808aea45e968bc90082c10aef6ea95e855e10abf4a37b2"},
    {file = "PyYAML-5.3.1-cp36-cp36m-win_amd64.whl", hash = "sha256:69f00dca373f240f842b2931fb2c7e14ddbacd1397d57157a9b005a6a9942648"},
    {file = "PyYAML-5.3.1-cp37-cp37m-win32.whl", hash = "sha256:d13155f591e6fcc1ec3b30685d50bf0711574e2c0dfffd7644babf8b5102ca1a"},
    {file = "PyYAML-5.3.1-cp37-cp37m-win_amd64.whl", hash = "sha256:73f099454b799e05e5ab51423c7bcf361c58d3206fa7b0d555426b1f4d9a3eaf"},
    {file = "PyYAML-5.3.1-cp38-cp38-win32.whl", hash = "sha256:06a0d7ba600ce0b2d2fe2e78453a470b5a6e000a985dd4a4e54e436cc36b0e97"},
    {file = "PyYAML-5.3.1-cp38-cp38-win_amd64.whl", hash = "sha256:95f71d2af0ff4227885f7a6605c37fd53d3a106fcab511b8860ecca9fcf400ee"},
    {file = "PyYAML-5.3.1.tar.gz", hash = "sha256:b8eac752c5e14d3eca0e6dd9199cd627518cb5ec06add0de9d32baeee6fe645d"},
]
toml = [
    {file = "toml-0.10.2-py2.py3-none-any.whl", hash = "sha256:806143ae5bfb6a3c6e736a764057db0e6a0e05e338b5630894a5f779cabb4f9b"},
    {file = "toml-0.10.2.tar.gz", hash = "sha256:b3bda1d108d5dd99f4a20d24d9c348e91c4db7ab1b749200bded2f839ccbe68f"},
]
xmltodict = [
    {file = "xmltodict-0.12.0-py2.py3-none-any.whl", hash = "sha256:8bbcb45cc982f48b2ca8fe7e7827c5d792f217ecf1792626f808bf41c3b86051"},
    {file = "xmltodict-0.12.0.tar.gz", hash = "sha256:50d8c638ed7ecb88d90561beedbf720c9b4e851a9fa6c47ebd64e99d166d8a21"},
]
