[[package]]
name = "et-xmlfile"
version = "1.0.1"
description = "An implementation of lxml.xmlfile for the standard library"
category = "main"
optional = false
python-versions = "*"

[[package]]
name = "jdcal"
version = "1.4.1"
description = "Julian dates from proleptic Gregorian and Julian calendars."
category = "main"
optional = false
python-versions = "*"

[[package]]
name = "jq"
version = "1.1.1"
description = "jq is a lightweight and flexible JSON processor."
category = "dev"
optional = false
python-versions = ">=2.7, !=3.0.*, !=3.1.*, !=3.2.*, !=3.3.*"

[[package]]
name = "numpy"
version = "1.19.4"
description = "NumPy is the fundamental package for array computing with Python."
category = "main"
optional = false
python-versions = ">=3.6"

[[package]]
name = "openpyxl"
version = "3.0.5"
description = "A Python library to read/write Excel 2010 xlsx/xlsm files"
category = "main"
optional = false
python-versions = ">=3.6,"

[package.dependencies]
et-xmlfile = "*"
jdcal = "*"

[[package]]
name = "pandas"
version = "1.1.5"
description = "Powerful data structures for data analysis, time series, and statistics"
category = "main"
optional = false
python-versions = ">=3.6.1"

[package.dependencies]
numpy = ">=1.15.4"
python-dateutil = ">=2.7.3"
pytz = ">=2017.2"

[package.extras]
test = ["pytest (>=4.0.2)", "pytest-xdist", "hypothesis (>=3.58)"]

[[package]]
name = "python-dateutil"
version = "2.8.1"
description = "Extensions to the standard Python datetime module"
category = "main"
optional = false
python-versions = "!=3.0.*,!=3.1.*,!=3.2.*,>=2.7"

[package.dependencies]
six = ">=1.5"

[[package]]
name = "pytz"
version = "2020.4"
description = "World timezone definitions, modern and historical"
category = "main"
optional = false
python-versions = "*"

[[package]]
name = "pyyaml"
version = "5.3.1"
description = "YAML parser and emitter for Python"
category = "main"
optional = false
python-versions = "*"

[[package]]
name = "six"
version = "1.15.0"
description = "Python 2 and 3 compatibility utilities"
category = "main"
optional = false
python-versions = ">=2.7, !=3.0.*, !=3.1.*, !=3.2.*"

[[package]]
name = "toml"
version = "0.10.2"
description = "Python Library for Tom's Obvious, Minimal Language"
category = "main"
optional = false
python-versions = ">=2.6, !=3.0.*, !=3.1.*, !=3.2.*"

[[package]]
name = "xlrd"
version = "1.2.0"
description = "Library for developers to extract data from Microsoft Excel (tm) spreadsheet files"
category = "main"
optional = false
python-versions = ">=2.7, !=3.0.*, !=3.1.*, !=3.2.*, !=3.3.*"

[[package]]
name = "xlwt"
version = "1.3.0"
description = "Library to create spreadsheet files compatible with MS Excel 97/2000/XP/2003 XLS files, on any platform, with Python 2.6, 2.7, 3.3+"
category = "main"
optional = false
python-versions = "*"

[[package]]
name = "xmltodict"
version = "0.12.0"
description = "Makes working with XML feel like you are working with JSON"
category = "main"
optional = false
python-versions = ">=2.7, !=3.0.*, !=3.1.*, !=3.2.*, !=3.3.*"

[metadata]
lock-version = "1.1"
python-versions = "^3.6.1"
content-hash = "b5da2863053e7822f9ffa4a261528a1f990f14a6ddc50094757163c0d76d74c9"

[metadata.files]
et-xmlfile = [
    {file = "et_xmlfile-1.0.1.tar.gz", hash = "sha256:614d9722d572f6246302c4491846d2c393c199cfa4edc9af593437691683335b"},
]
jdcal = [
    {file = "jdcal-1.4.1-py2.py3-none-any.whl", hash = "sha256:1abf1305fce18b4e8aa248cf8fe0c56ce2032392bc64bbd61b5dff2a19ec8bba"},
    {file = "jdcal-1.4.1.tar.gz", hash = "sha256:472872e096eb8df219c23f2689fc336668bdb43d194094b5cc1707e1640acfc8"},
]
jq = [
    {file = "jq-1.1.1-cp27-cp27m-macosx_10_9_x86_64.whl", hash = "sha256:b8b4acd98d9662442ac04432487ab10a9b8a221b719824eab55ec6ba9b954ba7"},
    {file = "jq-1.1.1-cp27-cp27m-manylinux1_i686.whl", hash = "sha256:609546fb0a3e41c842bd885dcf179f174f3d5f7d5a9533ef0e5fa5ce9c1d834a"},
    {file = "jq-1.1.1-cp27-cp27m-manylinux1_x86_64.whl", hash = "sha256:bda224bcc38fd847d176b56e3d532ed68103e420877dea6baf8876a8ce9f0176"},
    {file = "jq-1.1.1-cp27-cp27m-manylinux2010_i686.whl", hash = "sha256:c9d6aadf6846976ccc513cf82f90ecd45406e72eef65daa147c400ba034e756c"},
    {file = "jq-1.1.1-cp27-cp27m-manylinux2010_x86_64.whl", hash = "sha256:ea5d9c6fe8d99a68a0cd721fa2cf1fc4b1919d539d8dea6f3dafc9581476267a"},
    {file = "jq-1.1.1-cp27-cp27mu-manylinux1_i686.whl", hash = "sha256:82be30fcce5b6f1e39cd07aece4e30f0065b73cae9269ebcc7360021b8285f82"},
    {file = "jq-1.1.1-cp27-cp27mu-manylinux1_x86_64.whl", hash = "sha256:6f4cbceb8a440a64b2edaeb7faa92ed09c735df833eb9a41d2965344cc77f6bf"},
    {file = "jq-1.1.1-cp27-cp27mu-manylinux2010_i686.whl", hash = "sha256:6bee0168a78d7818e8a7e985cf12ddc221615dc90b20c2f2e1b2b20a16679cf3"},
    {file = "jq-1.1.1-cp27-cp27mu-manylinux2010_x86_64.whl", hash = "sha256:f64254c681ad9a02207c71cb1e049e807256c0ddc68d8936d1851545e921bae3"},
    {file = "jq-1.1.1-cp35-cp35m-macosx_10_9_x86_64.whl", hash = "sha256:2567488d228ffd5a43f305b7ebf894ed593d035f2be8cdf8a714a1c894f87954"},
    {file = "jq-1.1.1-cp35-cp35m-manylinux1_i686.whl", hash = "sha256:37ebb78a9a2b3dc35d1a28ca1170071dda5ea226beee345a4d3fe5632820f6bc"},
    {file = "jq-1.1.1-cp35-cp35m-manylinux1_x86_64.whl", hash = "sha256:47e9c86d1ae8f93e73f25176be0b5393bf1148707490705e416aa5adc8450359"},
    {file = "jq-1.1.1-cp35-cp35m-manylinux2010_i686.whl", hash = "sha256:183cd4d9305a1109af526507dc351641267306006a1952049852fe64edf45b36"},
    {file = "jq-1.1.1-cp35-cp35m-manylinux2010_x86_64.whl", hash = "sha256:c05bab8b46ff2b11837e53a5715ed2c10b441bafd4f2df97c0acfcfdfaec71e8"},
    {file = "jq-1.1.1-cp36-cp36m-macosx_10_9_x86_64.whl", hash = "sha256:317ee129216687d425d3c6349162a9b7b8cd0745850e9d200031493c5c43a120"},
    {file = "jq-1.1.1-cp36-cp36m-manylinux1_i686.whl", hash = "sha256:2594d21d1fe58179b944e9817fdbe6db9f3b90aea93937db9c85ef713ee2bab0"},
    {file = "jq-1.1.1-cp36-cp36m-manylinux1_x86_64.whl", hash = "sha256:dee998d1a90cad9eac563007807dc5521beacc6413636180058df375f3eee69a"},
    {file = "jq-1.1.1-cp36-cp36m-manylinux2010_i686.whl", hash = "sha256:445f43fb131191f24fd1453a82af6bdd095b74735cea42e6c531374a09965f14"},
    {file = "jq-1.1.1-cp36-cp36m-manylinux2010_x86_64.whl", hash = "sha256:b1ef2b68f3dd427e2fd5790828ef33036c2b9510678857c14e2725748ac58df8"},
    {file = "jq-1.1.1-cp37-cp37m-macosx_10_9_x86_64.whl", hash = "sha256:43952815c9a4908f4dd1cb481eb435087651e3899822d1d985815850f4ec1e9d"},
    {file = "jq-1.1.1-cp37-cp37m-manylinux1_i686.whl", hash = "sha256:8e4f3968d2b54d3273fb77a26a646a41e33f64255fce626fc4e01ca27b9b5787"},
    {file = "jq-1.1.1-cp37-cp37m-manylinux1_x86_64.whl", hash = "sha256:91fc2474a6106fcb7fe6bd99932bfaf5d47553f51c4daec451fb6242d56b853d"},
    {file = "jq-1.1.1-cp37-cp37m-manylinux2010_i686.whl", hash = "sha256:fbb73dae7181dd4ad903802d0e89c27337319b2de308aca587d5f5fc48723c31"},
    {file = "jq-1.1.1-cp37-cp37m-manylinux2010_x86_64.whl", hash = "sha256:f2d7cc5c67ef9133900db05e6c1fdc6fd049583ac9a185b7a473853f2fae391d"},
    {file = "jq-1.1.1-cp38-cp38-macosx_10_9_x86_64.whl", hash = "sha256:8b25cc48056bd22b03cc70e61fee768e56a6f594ea34491ddf57f241a6dccf47"},
    {file = "jq-1.1.1-cp38-cp38-manylinux1_i686.whl", hash = "sha256:ec0d234d5e10b2fcdc568ca26c70722c987f24432c9942bbcaf5b7a53055f7ea"},
    {file = "jq-1.1.1-cp38-cp38-manylinux1_x86_64.whl", hash = "sha256:408ec82925baa3642ab4fd31e5bba900a68a59c0d622ca10f354e891f2d09e72"},
    {file = "jq-1.1.1-cp38-cp38-manylinux2010_i686.whl", hash = "sha256:38412156099064267484534279143ec126e9828ece39bed05977226b179ef2c8"},
    {file = "jq-1.1.1-cp38-cp38-manylinux2010_x86_64.whl", hash = "sha256:01718ece24d96c099a8a1264a6f76eee6c59e0a2daf56283513b4d6f29cbd4b6"},
    {file = "jq-1.1.1-cp39-cp39-macosx_10_9_x86_64.whl", hash = "sha256:cc469fe3f63f57c786959a9d6536b44c2ba9062c88e4862e88472bc846f69619"},
    {file = "jq-1.1.1-cp39-cp39-manylinux1_i686.whl", hash = "sha256:f390cff4a76f4fde92aadbb204773b122700a52a597eaf675d5b1caa03d63fb7"},
    {file = "jq-1.1.1-cp39-cp39-manylinux1_x86_64.whl", hash = "sha256:ca0774a71117f9222496036aff4bfd1b5dd7c8a3aec715798fb1f9ebb378779f"},
    {file = "jq-1.1.1-cp39-cp39-manylinux2010_i686.whl", hash = "sha256:c54988f068c4c83443ef5c1a05e79dd874c1c35798158713d5eff7257c3f0351"},
    {file = "jq-1.1.1-cp39-cp39-manylinux2010_x86_64.whl", hash = "sha256:0cebafce5deb2acfe2ad2f01525e82f1e8985bd075f473437f2962a2e4b72549"},
    {file = "jq-1.1.1-pp27-pypy_73-macosx_10_9_x86_64.whl", hash = "sha256:96fb533b1827bf7e9d4def7ea23767a91d6c78247e5baca2d3f46ba237aa6088"},
    {file = "jq-1.1.1-pp27-pypy_73-manylinux1_x86_64.whl", hash = "sha256:37450f189bc548237ce37e605a21646277b229699f09d683b3df145dfe5ff79c"},
    {file = "jq-1.1.1-pp27-pypy_73-manylinux2010_x86_64.whl", hash = "sha256:560721562f8fe2300c5cd078c334768abd49767409bde8402b0a42abe0367b9e"},
    {file = "jq-1.1.1-pp36-pypy36_pp73-macosx_10_7_x86_64.whl", hash = "sha256:957964539500d0b6b634bcaeb8bbd57e6fc8692d30936825fc60f2e289b97015"},
    {file = "jq-1.1.1-pp36-pypy36_pp73-manylinux1_x86_64.whl", hash = "sha256:549f5abeefbebd2be17b7e2c47efef63a13944f5bbf22202ed968ac7226ebdf5"},
    {file = "jq-1.1.1-pp36-pypy36_pp73-manylinux2010_x86_64.whl", hash = "sha256:3ead0353a9e95ceebce8fc4a5709e0b5bbfc69df8b3e9166fa35a80dbd4dcf4c"},
    {file = "jq-1.1.1-pp37-pypy37_pp73-macosx_10_7_x86_64.whl", hash = "sha256:094a76206383c8df4568be04e25132e6d80f41eac473cda1eb4592b52233949b"},
    {file = "jq-1.1.1-pp37-pypy37_pp73-manylinux1_x86_64.whl", hash = "sha256:167fca746c908e4ee05793f66458080b5dc2c5fa6dad032640ea73ab9602290e"},
    {file = "jq-1.1.1-pp37-pypy37_pp73-manylinux2010_x86_64.whl", hash = "sha256:26d3ee96746f47bcc3ec639a1c5a77fdc709818fa75075558553bc8f77bb6a6a"},
    {file = "jq-1.1.1.tar.gz", hash = "sha256:62d649c4f6f26ed91810c8db075f5fe05319c3dc99dbebcd2d31b0b697a4592e"},
]
numpy = [
    {file = "numpy-1.19.4-cp36-cp36m-macosx_10_9_x86_64.whl", hash = "sha256:e9b30d4bd69498fc0c3fe9db5f62fffbb06b8eb9321f92cc970f2969be5e3949"},
    {file = "numpy-1.19.4-cp36-cp36m-manylinux1_i686.whl", hash = "sha256:fedbd128668ead37f33917820b704784aff695e0019309ad446a6d0b065b57e4"},
    {file = "numpy-1.19.4-cp36-cp36m-manylinux1_x86_64.whl", hash = "sha256:8ece138c3a16db8c1ad38f52eb32be6086cc72f403150a79336eb2045723a1ad"},
    {file = "numpy-1.19.4-cp36-cp36m-manylinux2010_i686.whl", hash = "sha256:64324f64f90a9e4ef732be0928be853eee378fd6a01be21a0a8469c4f2682c83"},
    {file = "numpy-1.19.4-cp36-cp36m-manylinux2010_x86_64.whl", hash = "sha256:ad6f2ff5b1989a4899bf89800a671d71b1612e5ff40866d1f4d8bcf48d4e5764"},
    {file = "numpy-1.19.4-cp36-cp36m-manylinux2014_aarch64.whl", hash = "sha256:d6c7bb82883680e168b55b49c70af29b84b84abb161cbac2800e8fcb6f2109b6"},
    {file = "numpy-1.19.4-cp36-cp36m-win32.whl", hash = "sha256:13d166f77d6dc02c0a73c1101dd87fdf01339febec1030bd810dcd53fff3b0f1"},
    {file = "numpy-1.19.4-cp36-cp36m-win_amd64.whl", hash = "sha256:448ebb1b3bf64c0267d6b09a7cba26b5ae61b6d2dbabff7c91b660c7eccf2bdb"},
    {file = "numpy-1.19.4-cp37-cp37m-macosx_10_9_x86_64.whl", hash = "sha256:27d3f3b9e3406579a8af3a9f262f5339005dd25e0ecf3cf1559ff8a49ed5cbf2"},
    {file = "numpy-1.19.4-cp37-cp37m-manylinux1_i686.whl", hash = "sha256:16c1b388cc31a9baa06d91a19366fb99ddbe1c7b205293ed072211ee5bac1ed2"},
    {file = "numpy-1.19.4-cp37-cp37m-manylinux1_x86_64.whl", hash = "sha256:e5b6ed0f0b42317050c88022349d994fe72bfe35f5908617512cd8c8ef9da2a9"},
    {file = "numpy-1.19.4-cp37-cp37m-manylinux2010_i686.whl", hash = "sha256:18bed2bcb39e3f758296584337966e68d2d5ba6aab7e038688ad53c8f889f757"},
    {file = "numpy-1.19.4-cp37-cp37m-manylinux2010_x86_64.whl", hash = "sha256:fe45becb4c2f72a0907c1d0246ea6449fe7a9e2293bb0e11c4e9a32bb0930a15"},
    {file = "numpy-1.19.4-cp37-cp37m-manylinux2014_aarch64.whl", hash = "sha256:6d7593a705d662be5bfe24111af14763016765f43cb6923ed86223f965f52387"},
    {file = "numpy-1.19.4-cp37-cp37m-win32.whl", hash = "sha256:6ae6c680f3ebf1cf7ad1d7748868b39d9f900836df774c453c11c5440bc15b36"},
    {file = "numpy-1.19.4-cp37-cp37m-win_amd64.whl", hash = "sha256:9eeb7d1d04b117ac0d38719915ae169aa6b61fca227b0b7d198d43728f0c879c"},
    {file = "numpy-1.19.4-cp38-cp38-macosx_10_9_x86_64.whl", hash = "sha256:cb1017eec5257e9ac6209ac172058c430e834d5d2bc21961dceeb79d111e5909"},
    {file = "numpy-1.19.4-cp38-cp38-manylinux1_i686.whl", hash = "sha256:edb01671b3caae1ca00881686003d16c2209e07b7ef8b7639f1867852b948f7c"},
    {file = "numpy-1.19.4-cp38-cp38-manylinux1_x86_64.whl", hash = "sha256:f29454410db6ef8126c83bd3c968d143304633d45dc57b51252afbd79d700893"},
    {file = "numpy-1.19.4-cp38-cp38-manylinux2010_i686.whl", hash = "sha256:ec149b90019852266fec2341ce1db513b843e496d5a8e8cdb5ced1923a92faab"},
    {file = "numpy-1.19.4-cp38-cp38-manylinux2010_x86_64.whl", hash = "sha256:1aeef46a13e51931c0b1cf8ae1168b4a55ecd282e6688fdb0a948cc5a1d5afb9"},
    {file = "numpy-1.19.4-cp38-cp38-manylinux2014_aarch64.whl", hash = "sha256:08308c38e44cc926bdfce99498b21eec1f848d24c302519e64203a8da99a97db"},
    {file = "numpy-1.19.4-cp38-cp38-win32.whl", hash = "sha256:5734bdc0342aba9dfc6f04920988140fb41234db42381cf7ccba64169f9fe7ac"},
    {file = "numpy-1.19.4-cp38-cp38-win_amd64.whl", hash = "sha256:09c12096d843b90eafd01ea1b3307e78ddd47a55855ad402b157b6c4862197ce"},
    {file = "numpy-1.19.4-cp39-cp39-macosx_10_9_x86_64.whl", hash = "sha256:e452dc66e08a4ce642a961f134814258a082832c78c90351b75c41ad16f79f63"},
    {file = "numpy-1.19.4-cp39-cp39-manylinux1_i686.whl", hash = "sha256:a5d897c14513590a85774180be713f692df6fa8ecf6483e561a6d47309566f37"},
    {file = "numpy-1.19.4-cp39-cp39-manylinux1_x86_64.whl", hash = "sha256:a09f98011236a419ee3f49cedc9ef27d7a1651df07810ae430a6b06576e0b414"},
    {file = "numpy-1.19.4-cp39-cp39-manylinux2010_i686.whl", hash = "sha256:50e86c076611212ca62e5a59f518edafe0c0730f7d9195fec718da1a5c2bb1fc"},
    {file = "numpy-1.19.4-cp39-cp39-manylinux2010_x86_64.whl", hash = "sha256:f0d3929fe88ee1c155129ecd82f981b8856c5d97bcb0d5f23e9b4242e79d1de3"},
    {file = "numpy-1.19.4-cp39-cp39-manylinux2014_aarch64.whl", hash = "sha256:c42c4b73121caf0ed6cd795512c9c09c52a7287b04d105d112068c1736d7c753"},
    {file = "numpy-1.19.4-cp39-cp39-win32.whl", hash = "sha256:8cac8790a6b1ddf88640a9267ee67b1aee7a57dfa2d2dd33999d080bc8ee3a0f"},
    {file = "numpy-1.19.4-cp39-cp39-win_amd64.whl", hash = "sha256:4377e10b874e653fe96985c05feed2225c912e328c8a26541f7fc600fb9c637b"},
    {file = "numpy-1.19.4-pp36-pypy36_pp73-manylinux2010_x86_64.whl", hash = "sha256:2a2740aa9733d2e5b2dfb33639d98a64c3b0f24765fed86b0fd2aec07f6a0a08"},
    {file = "numpy-1.19.4.zip", hash = "sha256:141ec3a3300ab89c7f2b0775289954d193cc8edb621ea05f99db9cb181530512"},
]
openpyxl = [
    {file = "openpyxl-3.0.5-py2.py3-none-any.whl", hash = "sha256:f7d666b569f729257082cf7ddc56262431878f602dcc2bc3980775c59439cdab"},
    {file = "openpyxl-3.0.5.tar.gz", hash = "sha256:18e11f9a650128a12580a58e3daba14e00a11d9e907c554a17ea016bf1a2c71b"},
]
pandas = [
    {file = "pandas-1.1.5-cp36-cp36m-macosx_10_9_x86_64.whl", hash = "sha256:bf23a3b54d128b50f4f9d4675b3c1857a688cc6731a32f931837d72effb2698d"},
    {file = "pandas-1.1.5-cp36-cp36m-manylinux1_i686.whl", hash = "sha256:5a780260afc88268a9d3ac3511d8f494fdcf637eece62fb9eb656a63d53eb7ca"},
    {file = "pandas-1.1.5-cp36-cp36m-manylinux1_x86_64.whl", hash = "sha256:b61080750d19a0122469ab59b087380721d6b72a4e7d962e4d7e63e0c4504814"},
    {file = "pandas-1.1.5-cp36-cp36m-manylinux2014_aarch64.whl", hash = "sha256:0de3ddb414d30798cbf56e642d82cac30a80223ad6fe484d66c0ce01a84d6f2f"},
    {file = "pandas-1.1.5-cp36-cp36m-win32.whl", hash = "sha256:70865f96bb38fec46f7ebd66d4b5cfd0aa6b842073f298d621385ae3898d28b5"},
    {file = "pandas-1.1.5-cp36-cp36m-win_amd64.whl", hash = "sha256:19a2148a1d02791352e9fa637899a78e371a3516ac6da5c4edc718f60cbae648"},
    {file = "pandas-1.1.5-cp37-cp37m-macosx_10_9_x86_64.whl", hash = "sha256:26fa92d3ac743a149a31b21d6f4337b0594b6302ea5575b37af9ca9611e8981a"},
    {file = "pandas-1.1.5-cp37-cp37m-manylinux1_i686.whl", hash = "sha256:c16d59c15d946111d2716856dd5479221c9e4f2f5c7bc2d617f39d870031e086"},
    {file = "pandas-1.1.5-cp37-cp37m-manylinux1_x86_64.whl", hash = "sha256:3be7a7a0ca71a2640e81d9276f526bca63505850add10206d0da2e8a0a325dae"},
    {file = "pandas-1.1.5-cp37-cp37m-manylinux2014_aarch64.whl", hash = "sha256:573fba5b05bf2c69271a32e52399c8de599e4a15ab7cec47d3b9c904125ab788"},
    {file = "pandas-1.1.5-cp37-cp37m-win32.whl", hash = "sha256:21b5a2b033380adbdd36b3116faaf9a4663e375325831dac1b519a44f9e439bb"},
    {file = "pandas-1.1.5-cp37-cp37m-win_amd64.whl", hash = "sha256:24c7f8d4aee71bfa6401faeba367dd654f696a77151a8a28bc2013f7ced4af98"},
    {file = "pandas-1.1.5-cp38-cp38-macosx_10_9_x86_64.whl", hash = "sha256:2860a97cbb25444ffc0088b457da0a79dc79f9c601238a3e0644312fcc14bf11"},
    {file = "pandas-1.1.5-cp38-cp38-manylinux1_i686.whl", hash = "sha256:5008374ebb990dad9ed48b0f5d0038124c73748f5384cc8c46904dace27082d9"},
    {file = "pandas-1.1.5-cp38-cp38-manylinux1_x86_64.whl", hash = "sha256:2c2f7c670ea4e60318e4b7e474d56447cf0c7d83b3c2a5405a0dbb2600b9c48e"},
    {file = "pandas-1.1.5-cp38-cp38-manylinux2014_aarch64.whl", hash = "sha256:0a643bae4283a37732ddfcecab3f62dd082996021b980f580903f4e8e01b3c5b"},
    {file = "pandas-1.1.5-cp38-cp38-win32.whl", hash = "sha256:5447ea7af4005b0daf695a316a423b96374c9c73ffbd4533209c5ddc369e644b"},
    {file = "pandas-1.1.5-cp38-cp38-win_amd64.whl", hash = "sha256:4c62e94d5d49db116bef1bd5c2486723a292d79409fc9abd51adf9e05329101d"},
    {file = "pandas-1.1.5-cp39-cp39-macosx_10_9_x86_64.whl", hash = "sha256:731568be71fba1e13cae212c362f3d2ca8932e83cb1b85e3f1b4dd77d019254a"},
    {file = "pandas-1.1.5-cp39-cp39-manylinux1_i686.whl", hash = "sha256:c61c043aafb69329d0f961b19faa30b1dab709dd34c9388143fc55680059e55a"},
    {file = "pandas-1.1.5-cp39-cp39-manylinux1_x86_64.whl", hash = "sha256:2b1c6cd28a0dfda75c7b5957363333f01d370936e4c6276b7b8e696dd500582a"},
    {file = "pandas-1.1.5-cp39-cp39-win32.whl", hash = "sha256:c94ff2780a1fd89f190390130d6d36173ca59fcfb3fe0ff596f9a56518191ccb"},
    {file = "pandas-1.1.5-cp39-cp39-win_amd64.whl", hash = "sha256:edda9bacc3843dfbeebaf7a701763e68e741b08fccb889c003b0a52f0ee95782"},
    {file = "pandas-1.1.5.tar.gz", hash = "sha256:f10fc41ee3c75a474d3bdf68d396f10782d013d7f67db99c0efbfd0acb99701b"},
]
python-dateutil = [
    {file = "python-dateutil-2.8.1.tar.gz", hash = "sha256:73ebfe9dbf22e832286dafa60473e4cd239f8592f699aa5adaf10050e6e1823c"},
    {file = "python_dateutil-2.8.1-py2.py3-none-any.whl", hash = "sha256:75bb3f31ea686f1197762692a9ee6a7550b59fc6ca3a1f4b5d7e32fb98e2da2a"},
]
pytz = [
    {file = "pytz-2020.4-py2.py3-none-any.whl", hash = "sha256:5c55e189b682d420be27c6995ba6edce0c0a77dd67bfbe2ae6607134d5851ffd"},
    {file = "pytz-2020.4.tar.gz", hash = "sha256:3e6b7dd2d1e0a59084bcee14a17af60c5c562cdc16d828e8eba2e683d3a7e268"},
]
pyyaml = [
    {file = "PyYAML-5.3.1-cp27-cp27m-win32.whl", hash = "sha256:74809a57b329d6cc0fdccee6318f44b9b8649961fa73144a98735b0aaf029f1f"},
    {file = "PyYAML-5.3.1-cp27-cp27m-win_amd64.whl", hash = "sha256:240097ff019d7c70a4922b6869d8a86407758333f02203e0fc6ff79c5dcede76"},
    {file = "PyYAML-5.3.1-cp35-cp35m-win32.whl", hash = "sha256:4f4b913ca1a7319b33cfb1369e91e50354d6f07a135f3b901aca02aa95940bd2"},
    {file = "PyYAML-5.3.1-cp35-cp35m-win_amd64.whl", hash = "sha256:cc8955cfbfc7a115fa81d85284ee61147059a753344bc51098f3ccd69b0d7e0c"},
    {file = "PyYAML-5.3.1-cp36-cp36m-win32.whl", hash = "sha256:7739fc0fa8205b3ee8808aea45e968bc90082c10aef6ea95e855e10abf4a37b2"},
    {file = "PyYAML-5.3.1-cp36-cp36m-win_amd64.whl", hash = "sha256:69f00dca373f240f842b2931fb2c7e14ddbacd1397d57157a9b005a6a9942648"},
    {file = "PyYAML-5.3.1-cp37-cp37m-win32.whl", hash = "sha256:d13155f591e6fcc1ec3b30685d50bf0711574e2c0dfffd7644babf8b5102ca1a"},
    {file = "PyYAML-5.3.1-cp37-cp37m-win_amd64.whl", hash = "sha256:73f099454b799e05e5ab51423c7bcf361c58d3206fa7b0d555426b1f4d9a3eaf"},
    {file = "PyYAML-5.3.1-cp38-cp38-win32.whl", hash = "sha256:06a0d7ba600ce0b2d2fe2e78453a470b5a6e000a985dd4a4e54e436cc36b0e97"},
    {file = "PyYAML-5.3.1-cp38-cp38-win_amd64.whl", hash = "sha256:95f71d2af0ff4227885f7a6605c37fd53d3a106fcab511b8860ecca9fcf400ee"},
    {file = "PyYAML-5.3.1.tar.gz", hash = "sha256:b8eac752c5e14d3eca0e6dd9199cd627518cb5ec06add0de9d32baeee6fe645d"},
]
six = [
    {file = "six-1.15.0-py2.py3-none-any.whl", hash = "sha256:8b74bedcbbbaca38ff6d7491d76f2b06b3592611af620f8426e82dddb04a5ced"},
    {file = "six-1.15.0.tar.gz", hash = "sha256:30639c035cdb23534cd4aa2dd52c3bf48f06e5f4a941509c8bafd8ce11080259"},
]
toml = [
    {file = "toml-0.10.2-py2.py3-none-any.whl", hash = "sha256:806143ae5bfb6a3c6e736a764057db0e6a0e05e338b5630894a5f779cabb4f9b"},
    {file = "toml-0.10.2.tar.gz", hash = "sha256:b3bda1d108d5dd99f4a20d24d9c348e91c4db7ab1b749200bded2f839ccbe68f"},
]
xlrd = [
    {file = "xlrd-1.2.0-py2.py3-none-any.whl", hash = "sha256:e551fb498759fa3a5384a94ccd4c3c02eb7c00ea424426e212ac0c57be9dfbde"},
    {file = "xlrd-1.2.0.tar.gz", hash = "sha256:546eb36cee8db40c3eaa46c351e67ffee6eeb5fa2650b71bc4c758a29a1b29b2"},
]
xlwt = [
    {file = "xlwt-1.3.0-py2.py3-none-any.whl", hash = "sha256:a082260524678ba48a297d922cc385f58278b8aa68741596a87de01a9c628b2e"},
    {file = "xlwt-1.3.0.tar.gz", hash = "sha256:c59912717a9b28f1a3c2a98fd60741014b06b043936dcecbc113eaaada156c88"},
]
xmltodict = [
    {file = "xmltodict-0.12.0-py2.py3-none-any.whl", hash = "sha256:8bbcb45cc982f48b2ca8fe7e7827c5d792f217ecf1792626f808bf41c3b86051"},
    {file = "xmltodict-0.12.0.tar.gz", hash = "sha256:50d8c638ed7ecb88d90561beedbf720c9b4e851a9fa6c47ebd64e99d166d8a21"},
]
